
Microsoft Visual Studio Solution File, Format Version 12.00
# Visual Studio Version 17
VisualStudioVersion = 17.4.33213.308
MinimumVisualStudioVersion = 10.0.40219.1
Project("{FAE04EC0-301F-11D3-BF4B-00C04F79EFBC}") = "ExpensesSys", "ExpensesSys\ExpensesSys.csproj", "{30A913C6-9FDB-435F-8F3D-9399B7EF2253}"
EndProject
Global
	GlobalSection(SolutionConfigurationPlatforms) = preSolution
		Debug|Any CPU = Debug|Any CPU
		Release|Any CPU = Release|Any CPU
	EndGlobalSection
	GlobalSection(ProjectConfigurationPlatforms) = postSolution
		{30A913C6-9FDB-435F-8F3D-9399B7EF2253}.Debug|Any CPU.ActiveCfg = Debug|Any CPU
		{30A913C6-9FDB-435F-8F3D-9399B7EF2253}.Debug|Any CPU.Build.0 = Debug|Any CPU
		{30A913C6-9FDB-435F-8F3D-9399B7EF2253}.Release|Any CPU.ActiveCfg = Release|Any CPU
		{30A913C6-9FDB-435F-8F3D-9399B7EF2253}.Release|Any CPU.Build.0 = Release|Any CPU
	EndGlobalSection
	GlobalSection(SolutionProperties) = preSolution
		HideSolutionNode = FALSE
	EndGlobalSection
	GlobalSection(ExtensibilityGlobals) = postSolution
		SolutionGuid = {C060F142-44A9-44BF-80DF-3B84057645E0}
	EndGlobalSection
EndGlobal
